
Microsoft Visual Studio Solution File, Format Version 12.00
# Visual Studio Version 17
VisualStudioVersion = 17.1.32319.34
MinimumVisualStudioVersion = 10.0.40219.1
Project("{8BC9CEB8-8B4A-11D0-8D11-00A0C91BC942}") = "Bank System", "Bank System\Bank System.vcxproj", "{ADBB0527-BDB7-4AE8-A8B0-2775753794F7}"
EndProject
Global
	GlobalSection(SolutionConfigurationPlatforms) = preSolution
		Debug|x64 = Debug|x64
		Debug|x86 = Debug|x86
		Release|x64 = Release|x64
		Release|x86 = Release|x86
	EndGlobalSection
	GlobalSection(ProjectConfigurationPlatforms) = postSolution
		{ADBB0527-BDB7-4AE8-A8B0-2775753794F7}.Debug|x64.ActiveCfg = Debug|x64
		{ADBB0527-BDB7-4AE8-A8B0-2775753794F7}.Debug|x64.Build.0 = Debug|x64
		{ADBB0527-BDB7-4AE8-A8B0-2775753794F7}.Debug|x86.ActiveCfg = Debug|Win32
		{ADBB0527-BDB7-4AE8-A8B0-2775753794F7}.Debug|x86.Build.0 = Debug|Win32
		{ADBB0527-BDB7-4AE8-A8B0-2775753794F7}.Release|x64.ActiveCfg = Release|x64
		{ADBB0527-BDB7-4AE8-A8B0-2775753794F7}.Release|x64.Build.0 = Release|x64
		{ADBB0527-BDB7-4AE8-A8B0-2775753794F7}.Release|x86.ActiveCfg = Release|Win32
		{ADBB0527-BDB7-4AE8-A8B0-2775753794F7}.Release|x86.Build.0 = Release|Win32
	EndGlobalSection
	GlobalSection(SolutionProperties) = preSolution
		HideSolutionNode = FALSE
	EndGlobalSection
	GlobalSection(ExtensibilityGlobals) = postSolution
		SolutionGuid = {8E5E3D83-F55E-452F-AE65-DEEA91BAC2E6}
	EndGlobalSection
EndGlobal
